Microsoft Visual Studio Solution File, Format Version 12.00
# Visual Studio 2012
Project("{FAE04EC0-301F-11D3-BF4B-00C04F79EFBC}") = "MULTIPLAYER LAN", "MULTIPLAYER LAN.csproj", "{B168B3C7-ADBC-45BF-A414-162B0C33D40D}"
EndProject
Global
	GlobalSection(SolutionConfigurationPlatforms) = preSolution
	Debug|Any CPU = Debug|Any CPU
	ExportDebug|Any CPU = ExportDebug|Any CPU
	ExportRelease|Any CPU = ExportRelease|Any CPU
	EndGlobalSection
	GlobalSection(ProjectConfigurationPlatforms) = postSolution
		{B168B3C7-ADBC-45BF-A414-162B0C33D40D}.Debug|Any CPU.ActiveCfg = Debug|Any CPU
		{B168B3C7-ADBC-45BF-A414-162B0C33D40D}.Debug|Any CPU.Build.0 = Debug|Any CPU
		{B168B3C7-ADBC-45BF-A414-162B0C33D40D}.ExportDebug|Any CPU.ActiveCfg = ExportDebug|Any CPU
		{B168B3C7-ADBC-45BF-A414-162B0C33D40D}.ExportDebug|Any CPU.Build.0 = ExportDebug|Any CPU
		{B168B3C7-ADBC-45BF-A414-162B0C33D40D}.ExportRelease|Any CPU.ActiveCfg = ExportRelease|Any CPU
		{B168B3C7-ADBC-45BF-A414-162B0C33D40D}.ExportRelease|Any CPU.Build.0 = ExportRelease|Any CPU
	EndGlobalSection
EndGlobal
